
Microsoft Visual Studio Solution File, Format Version 12.00
# Visual Studio Version 16
VisualStudioVersion = 16.0.31729.503
MinimumVisualStudioVersion = 10.0.40219.1
Project("{FAE04EC0-301F-11D3-BF4B-00C04F79EFBC}") = "ServerConfigMtk-P2-037", "ServerConfigMtk-P2-037\ServerConfigMtk-P2-037.csproj", "{6B3AEF54-F231-4CFD-9107-8E91940FF31B}"
EndProject
Global
	GlobalSection(SolutionConfigurationPlatforms) = preSolution
		Debug|Any CPU = Debug|Any CPU
		Release|Any CPU = Release|Any CPU
	EndGlobalSection
	GlobalSection(ProjectConfigurationPlatforms) = postSolution
		{6B3AEF54-F231-4CFD-9107-8E91940FF31B}.Debug|Any CPU.ActiveCfg = Debug|Any CPU
		{6B3AEF54-F231-4CFD-9107-8E91940FF31B}.Debug|Any CPU.Build.0 = Debug|Any CPU
		{6B3AEF54-F231-4CFD-9107-8E91940FF31B}.Release|Any CPU.ActiveCfg = Release|Any CPU
		{6B3AEF54-F231-4CFD-9107-8E91940FF31B}.Release|Any CPU.Build.0 = Release|Any CPU
	EndGlobalSection
	GlobalSection(SolutionProperties) = preSolution
		HideSolutionNode = FALSE
	EndGlobalSection
	GlobalSection(ExtensibilityGlobals) = postSolution
		SolutionGuid = {84EF0D63-A028-4381-A446-71E251DA450B}
	EndGlobalSection
EndGlobal
